
Microsoft Visual Studio Solution File, Format Version 12.00
# Visual Studio Version 17
VisualStudioVersion = 17.9.34321.82
MinimumVisualStudioVersion = 10.0.40219.1
Project("{FAE04EC0-301F-11D3-BF4B-00C04F79EFBC}") = "MyToyotaClient", "MyToyotaClient\MyToyotaClient.csproj", "{012D6CA6-B6F3-4CFC-A35F-368620E3C895}"
EndProject
Project("{FAE04EC0-301F-11D3-BF4B-00C04F79EFBC}") = "MyToyotaClientDemo", "MyToyotaClientDemo\MyToyotaClientDemo.csproj", "{0A18AF6D-3A9A-4814-A058-1EC56DE09895}"
EndProject
Global
	GlobalSection(SolutionConfigurationPlatforms) = preSolution
		Debug|Any CPU = Debug|Any CPU
		Release|Any CPU = Release|Any CPU
	EndGlobalSection
	GlobalSection(ProjectConfigurationPlatforms) = postSolution
		{012D6CA6-B6F3-4CFC-A35F-368620E3C895}.Debug|Any CPU.ActiveCfg = Debug|Any CPU
		{012D6CA6-B6F3-4CFC-A35F-368620E3C895}.Debug|Any CPU.Build.0 = Debug|Any CPU
		{012D6CA6-B6F3-4CFC-A35F-368620E3C895}.Release|Any CPU.ActiveCfg = Release|Any CPU
		{012D6CA6-B6F3-4CFC-A35F-368620E3C895}.Release|Any CPU.Build.0 = Release|Any CPU
		{0A18AF6D-3A9A-4814-A058-1EC56DE09895}.Debug|Any CPU.ActiveCfg = Debug|Any CPU
		{0A18AF6D-3A9A-4814-A058-1EC56DE09895}.Debug|Any CPU.Build.0 = Debug|Any CPU
		{0A18AF6D-3A9A-4814-A058-1EC56DE09895}.Release|Any CPU.ActiveCfg = Release|Any CPU
		{0A18AF6D-3A9A-4814-A058-1EC56DE09895}.Release|Any CPU.Build.0 = Release|Any CPU
	EndGlobalSection
	GlobalSection(SolutionProperties) = preSolution
		HideSolutionNode = FALSE
	EndGlobalSection
	GlobalSection(ExtensibilityGlobals) = postSolution
		SolutionGuid = {8A0E717C-B35E-4A06-82A1-800B3614F5D6}
	EndGlobalSection
EndGlobal
